
Microsoft Visual Studio Solution File, Format Version 12.00
# Visual Studio Version 17
VisualStudioVersion = 17.11.35312.102
MinimumVisualStudioVersion = 10.0.40219.1
Project("{FAE04EC0-301F-11D3-BF4B-00C04F79EFBC}") = "Mastermind_3_1PROA", "Mastermind_3_1PROA\Mastermind_3_1PROA.csproj", "{C1213881-7027-4F50-AAA3-DE8239D5B361}"
EndProject
Global
	GlobalSection(SolutionConfigurationPlatforms) = preSolution
		Debug|Any CPU = Debug|Any CPU
		Release|Any CPU = Release|Any CPU
	EndGlobalSection
	GlobalSection(ProjectConfigurationPlatforms) = postSolution
		{C1213881-7027-4F50-AAA3-DE8239D5B361}.Debug|Any CPU.ActiveCfg = Debug|Any CPU
		{C1213881-7027-4F50-AAA3-DE8239D5B361}.Debug|Any CPU.Build.0 = Debug|Any CPU
		{C1213881-7027-4F50-AAA3-DE8239D5B361}.Release|Any CPU.ActiveCfg = Release|Any CPU
		{C1213881-7027-4F50-AAA3-DE8239D5B361}.Release|Any CPU.Build.0 = Release|Any CPU
	EndGlobalSection
	GlobalSection(SolutionProperties) = preSolution
		HideSolutionNode = FALSE
	EndGlobalSection
	GlobalSection(ExtensibilityGlobals) = postSolution
		SolutionGuid = {41D406BA-0B18-4313-8F33-F9FE06AE063F}
	EndGlobalSection
EndGlobal
